
Microsoft Visual Studio Solution File, Format Version 12.00
# Visual Studio 15
Project("{FAE04EC0-301F-11D3-BF4B-00C04F79EFBC}") = "Assembly-CSharp-Editor", "Assembly-CSharp-Editor.csproj", "{D247A531-1CFC-56C8-4FC2-264A67BF25B9}"
EndProject
Project("{FAE04EC0-301F-11D3-BF4B-00C04F79EFBC}") = "Assembly-CSharp", "Assembly-CSharp.csproj", "{63801C84-C15C-748F-571E-78B91792761C}"
EndProject
Global
	GlobalSection(SolutionConfigurationPlatforms) = preSolution
		Debug|Any CPU = Debug|Any CPU
		Release|Any CPU = Release|Any CPU
	EndGlobalSection
	GlobalSection(ProjectConfigurationPlatforms) = postSolution
		{D247A531-1CFC-56C8-4FC2-264A67BF25B9}.Debug|Any CPU.ActiveCfg = Debug|Any CPU
		{D247A531-1CFC-56C8-4FC2-264A67BF25B9}.Debug|Any CPU.Build.0 = Debug|Any CPU
		{D247A531-1CFC-56C8-4FC2-264A67BF25B9}.Release|Any CPU.ActiveCfg = Release|Any CPU
		{D247A531-1CFC-56C8-4FC2-264A67BF25B9}.Release|Any CPU.Build.0 = Release|Any CPU
		{63801C84-C15C-748F-571E-78B91792761C}.Debug|Any CPU.ActiveCfg = Debug|Any CPU
		{63801C84-C15C-748F-571E-78B91792761C}.Debug|Any CPU.Build.0 = Debug|Any CPU
		{63801C84-C15C-748F-571E-78B91792761C}.Release|Any CPU.ActiveCfg = Release|Any CPU
		{63801C84-C15C-748F-571E-78B91792761C}.Release|Any CPU.Build.0 = Release|Any CPU
	EndGlobalSection
	GlobalSection(SolutionProperties) = preSolution
		HideSolutionNode = FALSE
	EndGlobalSection
EndGlobal
